{
  "object": {
    "pins": [
      {
        "package": "Deeplinker",
        "repositoryURL": "https://github.com/iAlex11/Deeplinker",
        "state": {
          "branch": "main",
          "revision": "4b7338c3320bdd09c92c650cc777901bfb4982e7",
          "version": null
        }
      },
      {
        "package": "KeychainAccess",
        "repositoryURL": "https://github.com/kishikawakatsumi/KeychainAccess",
        "state": {
          "branch": null,
          "revision": "84e546727d66f1adc5439debad16270d0fdd04e7",
          "version": "4.2.2"
        }
      }
    ]
  },
  "version": 1
}
