{
  "object": {
    "pins": [
      {
        "package": "chica",
        "repositoryURL": "/Users/alex/Documents/github/Xcode/chica/",
        "state": {
          "branch": "main",
          "revision": "2dd7811f3a4b8806a05987a9229f349f612202f7",
          "version": null
        }
      },
      {
        "package": "KeychainAccess",
        "repositoryURL": "https://github.com/kishikawakatsumi/KeychainAccess",
        "state": {
          "branch": null,
          "revision": "84e546727d66f1adc5439debad16270d0fdd04e7",
          "version": "4.2.2"
        }
      }
    ]
  },
  "version": 1
}
